{
  "name": "webdemodtdm",
  "lockfileVersion": 2,
  "requires": true,
  "packages": {
    "": {
      "dependencies": {
        "@angular/core": "^13.0.2"
      }
    },
    "node_modules/@angular/core": {
      "version": "13.0.2",
      "resolved": "https://registry.npmjs.org/@angular/core/-/core-13.0.2.tgz",
      "integrity": "sha512-6Jbct50lncMqzwLILzfmwQRK8eOEMv0quCL3pQptEpYPSlPqKz6QRxD76BykSUOs7XYJ/KdZmu3uGcT2Q/DUVg==",
      "dependencies": {
        "tslib": "^2.3.0"
      },
      "engines": {
        "node": "^12.20.0 || ^14.15.0 || >=16.10.0"
      },
      "peerDependencies": {
        "rxjs": "^6.5.3 || ^7.4.0",
        "zone.js": "~0.11.4"
      }
    },
    "node_modules/tslib": {
      "version": "2.3.1",
      "resolved": "https://registry.npmjs.org/tslib/-/tslib-2.3.1.tgz",
      "integrity": "sha512-77EbyPPpMz+FRFRuAFlWMtmgUWGe9UOG2Z25NqCwiIjRhOf5iKGuzSe5P2w1laq+FkRy4p+PCuVkJSGkzTEKVw=="
    }
  },
  "dependencies": {
    "@angular/core": {
      "version": "13.0.2",
      "resolved": "https://registry.npmjs.org/@angular/core/-/core-13.0.2.tgz",
      "integrity": "sha512-6Jbct50lncMqzwLILzfmwQRK8eOEMv0quCL3pQptEpYPSlPqKz6QRxD76BykSUOs7XYJ/KdZmu3uGcT2Q/DUVg==",
      "requires": {
        "tslib": "^2.3.0"
      }
    },
    "tslib": {
      "version": "2.3.1",
      "resolved": "https://registry.npmjs.org/tslib/-/tslib-2.3.1.tgz",
      "integrity": "sha512-77EbyPPpMz+FRFRuAFlWMtmgUWGe9UOG2Z25NqCwiIjRhOf5iKGuzSe5P2w1laq+FkRy4p+PCuVkJSGkzTEKVw=="
    }
  }
}
